// !$*UTF8*$!
{
	archiveVersion = 1;
	classes = {
	};
	objectVersion = 56;
	objects = {

/* Begin PBXBuildFile section */
		CEE699462A3B7563003AEA9B /* native_hw_1App.swift in Sources */ = {isa = PBXBuildFile; fileRef = CEE699452A3B7563003AEA9B /* native_hw_1App.swift */; };
		CEE699482A3B7563003AEA9B /* native_hw_1Document.swift in Sources */ = {isa = PBXBuildFile; fileRef = CEE699472A3B7563003AEA9B /* native_hw_1Document.swift */; };
		CEE6994A2A3B7563003AEA9B /* ContentView.swift in Sources */ = {isa = PBXBuildFile; fileRef = CEE699492A3B7563003AEA9B /* ContentView.swift */; };
		CEE6994C2A3B7569003AEA9B /* Assets.xcassets in Resources */ = {isa = PBXBuildFile; fileRef = CEE6994B2A3B7569003AEA9B /* Assets.xcassets */; };
		CEE699512A3B7569003AEA9B /* Preview Assets.xcassets in Resources */ = {isa = PBXBuildFile; fileRef = CEE699502A3B7569003AEA9B /* Preview Assets.xcassets */; };
		CEE6995B2A3B756A003AEA9B /* native_hw_1Tests.swift in Sources */ = {isa = PBXBuildFile; fileRef = CEE6995A2A3B756A003AEA9B /* native_hw_1Tests.swift */; };
		CEE699652A3B756A003AEA9B /* native_hw_1UITests.swift in Sources */ = {isa = PBXBuildFile; fileRef = CEE699642A3B756A003AEA9B /* native_hw_1UITests.swift */; };
		CEE699672A3B756A003AEA9B /* native_hw_1UITestsLaunchTests.swift in Sources */ = {isa = PBXBuildFile; fileRef = CEE699662A3B756A003AEA9B /* native_hw_1UITestsLaunchTests.swift */; };
/* End PBXBuildFile section */

/* Begin PBXContainerItemProxy section */
		CEE699572A3B756A003AEA9B /* PBXContainerItemProxy */ = {
			isa = PBXContainerItemProxy;
			containerPortal = CEE6993A2A3B7562003AEA9B /* Project object */;
			proxyType = 1;
			remoteGlobalIDString = CEE699412A3B7563003AEA9B;
			remoteInfo = "native-hw-1";
		};
		CEE699612A3B756A003AEA9B /* PBXContainerItemProxy */ = {
			isa = PBXContainerItemProxy;
			containerPortal = CEE6993A2A3B7562003AEA9B /* Project object */;
			proxyType = 1;
			remoteGlobalIDString = CEE699412A3B7563003AEA9B;
			remoteInfo = "native-hw-1";
		};
/* End PBXContainerItemProxy section */

/* Begin PBXFileReference section */
		CEE699422A3B7563003AEA9B /* native-hw-1.app */ = {isa = PBXFileReference; explicitFileType = wrapper.application; includeInIndex = 0; path = "native-hw-1.app"; sourceTree = BUILT_PRODUCTS_DIR; };
		CEE699452A3B7563003AEA9B /* native_hw_1App.swift */ = {isa = PBXFileReference; lastKnownFileType = sourcecode.swift; path = native_hw_1App.swift; sourceTree = "<group>"; };
		CEE699472A3B7563003AEA9B /* native_hw_1Document.swift */ = {isa = PBXFileReference; lastKnownFileType = sourcecode.swift; path = native_hw_1Document.swift; sourceTree = "<group>"; };
		CEE699492A3B7563003AEA9B /* ContentView.swift */ = {isa = PBXFileReference; lastKnownFileType = sourcecode.swift; path = ContentView.swift; sourceTree = "<group>"; };
		CEE6994B2A3B7569003AEA9B /* Assets.xcassets */ = {isa = PBXFileReference; lastKnownFileType = folder.assetcatalog; path = Assets.xcassets; sourceTree = "<group>"; };
		CEE6994D2A3B7569003AEA9B /* Info.plist */ = {isa = PBXFileReference; lastKnownFileType = text.plist.xml; path = Info.plist; sourceTree = "<group>"; };
		CEE6994E2A3B7569003AEA9B /* native_hw_1.entitlements */ = {isa = PBXFileReference; lastKnownFileType = text.plist.entitlements; path = native_hw_1.entitlements; sourceTree = "<group>"; };
		CEE699502A3B7569003AEA9B /* Preview Assets.xcassets */ = {isa = PBXFileReference; lastKnownFileType = folder.assetcatalog; path = "Preview Assets.xcassets"; sourceTree = "<group>"; };
		CEE699562A3B756A003AEA9B /* native-hw-1Tests.xctest */ = {isa = PBXFileReference; explicitFileType = wrapper.cfbundle; includeInIndex = 0; path = "native-hw-1Tests.xctest"; sourceTree = BUILT_PRODUCTS_DIR; };
		CEE6995A2A3B756A003AEA9B /* native_hw_1Tests.swift */ = {isa = PBXFileReference; lastKnownFileType = sourcecode.swift; path = native_hw_1Tests.swift; sourceTree = "<group>"; };
		CEE699602A3B756A003AEA9B /* native-hw-1UITests.xctest */ = {isa = PBXFileReference; explicitFileType = wrapper.cfbundle; includeInIndex = 0; path = "native-hw-1UITests.xctest"; sourceTree = BUILT_PRODUCTS_DIR; };
		CEE699642A3B756A003AEA9B /* native_hw_1UITests.swift */ = {isa = PBXFileReference; lastKnownFileType = sourcecode.swift; path = native_hw_1UITests.swift; sourceTree = "<group>"; };
		CEE699662A3B756A003AEA9B /* native_hw_1UITestsLaunchTests.swift */ = {isa = PBXFileReference; lastKnownFileType = sourcecode.swift; path = native_hw_1UITestsLaunchTests.swift; sourceTree = "<group>"; };
/* End PBXFileReference section */

/* Begin PBXFrameworksBuildPhase section */
		CEE6993F2A3B7563003AEA9B /* Frameworks */ = {
			isa = PBXFrameworksBuildPhase;
			buildActionMask = 2147483647;
			files = (
			);
			runOnlyForDeploymentPostprocessing = 0;
		};
		CEE699532A3B756A003AEA9B /* Frameworks */ = {
			isa = PBXFrameworksBuildPhase;
			buildActionMask = 2147483647;
			files = (
			);
			runOnlyForDeploymentPostprocessing = 0;
		};
		CEE6995D2A3B756A003AEA9B /* Frameworks */ = {
			isa = PBXFrameworksBuildPhase;
			buildActionMask = 2147483647;
			files = (
			);
			runOnlyForDeploymentPostprocessing = 0;
		};
/* End PBXFrameworksBuildPhase section */

/* Begin PBXGroup section */
		CEE699392A3B7562003AEA9B = {
			isa = PBXGroup;
			children = (
				CEE699442A3B7563003AEA9B /* native-hw-1 */,
				CEE699592A3B756A003AEA9B /* native-hw-1Tests */,
				CEE699632A3B756A003AEA9B /* native-hw-1UITests */,
				CEE699432A3B7563003AEA9B /* Products */,
			);
			sourceTree = "<group>";
		};
		CEE699432A3B7563003AEA9B /* Products */ = {
			isa = PBXGroup;
			children = (
				CEE699422A3B7563003AEA9B /* native-hw-1.app */,
				CEE699562A3B756A003AEA9B /* native-hw-1Tests.xctest */,
				CEE699602A3B756A003AEA9B /* native-hw-1UITests.xctest */,
			);
			name = Products;
			sourceTree = "<group>";
		};
		CEE699442A3B7563003AEA9B /* native-hw-1 */ = {
			isa = PBXGroup;
			children = (
				CEE699452A3B7563003AEA9B /* native_hw_1App.swift */,
				CEE699472A3B7563003AEA9B /* native_hw_1Document.swift */,
				CEE699492A3B7563003AEA9B /* ContentView.swift */,
				CEE6994B2A3B7569003AEA9B /* Assets.xcassets */,
				CEE6994D2A3B7569003AEA9B /* Info.plist */,
				CEE6994E2A3B7569003AEA9B /* native_hw_1.entitlements */,
				CEE6994F2A3B7569003AEA9B /* Preview Content */,
			);
			path = "native-hw-1";
			sourceTree = "<group>";
		};
		CEE6994F2A3B7569003AEA9B /* Preview Content */ = {
			isa = PBXGroup;
			children = (
				CEE699502A3B7569003AEA9B /* Preview Assets.xcassets */,
			);
			path = "Preview Content";
			sourceTree = "<group>";
		};
		CEE699592A3B756A003AEA9B /* native-hw-1Tests */ = {
			isa = PBXGroup;
			children = (
				CEE6995A2A3B756A003AEA9B /* native_hw_1Tests.swift */,
			);
			path = "native-hw-1Tests";
			sourceTree = "<group>";
		};
		CEE699632A3B756A003AEA9B /* native-hw-1UITests */ = {
			isa = PBXGroup;
			children = (
				CEE699642A3B756A003AEA9B /* native_hw_1UITests.swift */,
				CEE699662A3B756A003AEA9B /* native_hw_1UITestsLaunchTests.swift */,
			);
			path = "native-hw-1UITests";
			sourceTree = "<group>";
		};
/* End PBXGroup section */

/* Begin PBXNativeTarget section */
		CEE699412A3B7563003AEA9B /* native-hw-1 */ = {
			isa = PBXNativeTarget;
			buildConfigurationList = CEE6996A2A3B756A003AEA9B /* Build configuration list for PBXNativeTarget "native-hw-1" */;
			buildPhases = (
				CEE6993E2A3B7563003AEA9B /* Sources */,
				CEE6993F2A3B7563003AEA9B /* Frameworks */,
				CEE699402A3B7563003AEA9B /* Resources */,
			);
			buildRules = (
			);
			dependencies = (
			);
			name = "native-hw-1";
			productName = "native-hw-1";
			productReference = CEE699422A3B7563003AEA9B /* native-hw-1.app */;
			productType = "com.apple.product-type.application";
		};
		CEE699552A3B756A003AEA9B /* native-hw-1Tests */ = {
			isa = PBXNativeTarget;
			buildConfigurationList = CEE6996D2A3B756A003AEA9B /* Build configuration list for PBXNativeTarget "native-hw-1Tests" */;
			buildPhases = (
				CEE699522A3B756A003AEA9B /* Sources */,
				CEE699532A3B756A003AEA9B /* Frameworks */,
				CEE699542A3B756A003AEA9B /* Resources */,
			);
			buildRules = (
			);
			dependencies = (
				CEE699582A3B756A003AEA9B /* PBXTargetDependency */,
			);
			name = "native-hw-1Tests";
			productName = "native-hw-1Tests";
			productReference = CEE699562A3B756A003AEA9B /* native-hw-1Tests.xctest */;
			productType = "com.apple.product-type.bundle.unit-test";
		};
		CEE6995F2A3B756A003AEA9B /* native-hw-1UITests */ = {
			isa = PBXNativeTarget;
			buildConfigurationList = CEE699702A3B756A003AEA9B /* Build configuration list for PBXNativeTarget "native-hw-1UITests" */;
			buildPhases = (
				CEE6995C2A3B756A003AEA9B /* Sources */,
				CEE6995D2A3B756A003AEA9B /* Frameworks */,
				CEE6995E2A3B756A003AEA9B /* Resources */,
			);
			buildRules = (
			);
			dependencies = (
				CEE699622A3B756A003AEA9B /* PBXTargetDependency */,
			);
			name = "native-hw-1UITests";
			productName = "native-hw-1UITests";
			productReference = CEE699602A3B756A003AEA9B /* native-hw-1UITests.xctest */;
			productType = "com.apple.product-type.bundle.ui-testing";
		};
/* End PBXNativeTarget section */

/* Begin PBXProject section */
		CEE6993A2A3B7562003AEA9B /* Project object */ = {
			isa = PBXProject;
			attributes = {
				BuildIndependentTargetsInParallel = 1;
				LastSwiftUpdateCheck = 1400;
				LastUpgradeCheck = 1400;
				TargetAttributes = {
					CEE699412A3B7563003AEA9B = {
						CreatedOnToolsVersion = 14.0;
					};
					CEE699552A3B756A003AEA9B = {
						CreatedOnToolsVersion = 14.0;
						TestTargetID = CEE699412A3B7563003AEA9B;
					};
					CEE6995F2A3B756A003AEA9B = {
						CreatedOnToolsVersion = 14.0;
						TestTargetID = CEE699412A3B7563003AEA9B;
					};
				};
			};
			buildConfigurationList = CEE6993D2A3B7562003AEA9B /* Build configuration list for PBXProject "native-hw-1" */;
			compatibilityVersion = "Xcode 14.0";
			developmentRegion = en;
			hasScannedForEncodings = 0;
			knownRegions = (
				en,
				Base,
			);
			mainGroup = CEE699392A3B7562003AEA9B;
			productRefGroup = CEE699432A3B7563003AEA9B /* Products */;
			projectDirPath = "";
			projectRoot = "";
			targets = (
				CEE699412A3B7563003AEA9B /* native-hw-1 */,
				CEE699552A3B756A003AEA9B /* native-hw-1Tests */,
				CEE6995F2A3B756A003AEA9B /* native-hw-1UITests */,
			);
		};
/* End PBXProject section */

/* Begin PBXResourcesBuildPhase section */
		CEE699402A3B7563003AEA9B /* Resources */ = {
			isa = PBXResourcesBuildPhase;
			buildActionMask = 2147483647;
			files = (
				CEE699512A3B7569003AEA9B /* Preview Assets.xcassets in Resources */,
				CEE6994C2A3B7569003AEA9B /* Assets.xcassets in Resources */,
			);
			runOnlyForDeploymentPostprocessing = 0;
		};
		CEE699542A3B756A003AEA9B /* Resources */ = {
			isa = PBXResourcesBuildPhase;
			buildActionMask = 2147483647;
			files = (
			);
			runOnlyForDeploymentPostprocessing = 0;
		};
		CEE6995E2A3B756A003AEA9B /* Resources */ = {
			isa = PBXResourcesBuildPhase;
			buildActionMask = 2147483647;
			files = (
			);
			runOnlyForDeploymentPostprocessing = 0;
		};
/* End PBXResourcesBuildPhase section */

/* Begin PBXSourcesBuildPhase section */
		CEE6993E2A3B7563003AEA9B /* Sources */ = {
			isa = PBXSourcesBuildPhase;
			buildActionMask = 2147483647;
			files = (
				CEE699482A3B7563003AEA9B /* native_hw_1Document.swift in Sources */,
				CEE699462A3B7563003AEA9B /* native_hw_1App.swift in Sources */,
				CEE6994A2A3B7563003AEA9B /* ContentView.swift in Sources */,
			);
			runOnlyForDeploymentPostprocessing = 0;
		};
		CEE699522A3B756A003AEA9B /* Sources */ = {
			isa = PBXSourcesBuildPhase;
			buildActionMask = 2147483647;
			files = (
				CEE6995B2A3B756A003AEA9B /* native_hw_1Tests.swift in Sources */,
			);
			runOnlyForDeploymentPostprocessing = 0;
		};
		CEE6995C2A3B756A003AEA9B /* Sources */ = {
			isa = PBXSourcesBuildPhase;
			buildActionMask = 2147483647;
			files = (
				CEE699672A3B756A003AEA9B /* native_hw_1UITestsLaunchTests.swift in Sources */,
				CEE699652A3B756A003AEA9B /* native_hw_1UITests.swift in Sources */,
			);
			runOnlyForDeploymentPostprocessing = 0;
		};
/* End PBXSourcesBuildPhase section */

/* Begin PBXTargetDependency section */
		CEE699582A3B756A003AEA9B /* PBXTargetDependency */ = {
			isa = PBXTargetDependency;
			target = CEE699412A3B7563003AEA9B /* native-hw-1 */;
			targetProxy = CEE699572A3B756A003AEA9B /* PBXContainerItemProxy */;
		};
		CEE699622A3B756A003AEA9B /* PBXTargetDependency */ = {
			isa = PBXTargetDependency;
			target = CEE699412A3B7563003AEA9B /* native-hw-1 */;
			targetProxy = CEE699612A3B756A003AEA9B /* PBXContainerItemProxy */;
		};
/* End PBXTargetDependency section */

/* Begin XCBuildConfiguration section */
		CEE699682A3B756A003AEA9B /* Debug */ = {
			isa = XCBuildConfiguration;
			buildSettings = {
				ALWAYS_SEARCH_USER_PATHS = NO;
				CLANG_ANALYZER_NONNULL = YES;
				CLANG_ANALYZER_NUMBER_OBJECT_CONVERSION = YES_AGGRESSIVE;
				CLANG_CXX_LANGUAGE_STANDARD = "gnu++20";
				CLANG_ENABLE_MODULES = YES;
				CLANG_ENABLE_OBJC_ARC = YES;
				CLANG_ENABLE_OBJC_WEAK = YES;
				CLANG_WARN_BLOCK_CAPTURE_AUTORELEASING = YES;
				CLANG_WARN_BOOL_CONVERSION = YES;
				CLANG_WARN_COMMA = YES;
				CLANG_WARN_CONSTANT_CONVERSION = YES;
				CLANG_WARN_DEPRECATED_OBJC_IMPLEMENTATIONS = YES;
				CLANG_WARN_DIRECT_OBJC_ISA_USAGE = YES_ERROR;
				CLANG_WARN_DOCUMENTATION_COMMENTS = YES;
				CLANG_WARN_EMPTY_BODY = YES;
				CLANG_WARN_ENUM_CONVERSION = YES;
				CLANG_WARN_INFINITE_RECURSION = YES;
				CLANG_WARN_INT_CONVERSION = YES;
				CLANG_WARN_NON_LITERAL_NULL_CONVERSION = YES;
				CLANG_WARN_OBJC_IMPLICIT_RETAIN_SELF = YES;
				CLANG_WARN_OBJC_LITERAL_CONVERSION = YES;
				CLANG_WARN_OBJC_ROOT_CLASS = YES_ERROR;
				CLANG_WARN_QUOTED_INCLUDE_IN_FRAMEWORK_HEADER = YES;
				CLANG_WARN_RANGE_LOOP_ANALYSIS = YES;
				CLANG_WARN_STRICT_PROTOTYPES = YES;
				CLANG_WARN_SUSPICIOUS_MOVE = YES;
				CLANG_WARN_UNGUARDED_AVAILABILITY = YES_AGGRESSIVE;
				CLANG_WARN_UNREACHABLE_CODE = YES;
				CLANG_WARN__DUPLICATE_METHOD_MATCH = YES;
				COPY_PHASE_STRIP = NO;
				DEBUG_INFORMATION_FORMAT = dwarf;
				ENABLE_STRICT_OBJC_MSGSEND = YES;
				ENABLE_TESTABILITY = YES;
				GCC_C_LANGUAGE_STANDARD = gnu11;
				GCC_DYNAMIC_NO_PIC = NO;
				GCC_NO_COMMON_BLOCKS = YES;
				GCC_OPTIMIZATION_LEVEL = 0;
				GCC_PREPROCESSOR_DEFINITIONS = (
					"DEBUG=1",
					"$(inherited)",
				);
				GCC_WARN_64_TO_32_BIT_CONVERSION = YES;
				GCC_WARN_ABOUT_RETURN_TYPE = YES_ERROR;
				GCC_WARN_UNDECLARED_SELECTOR = YES;
				GCC_WARN_UNINITIALIZED_AUTOS = YES_AGGRESSIVE;
				GCC_WARN_UNUSED_FUNCTION = YES;
				GCC_WARN_UNUSED_VARIABLE = YES;
				MTL_ENABLE_DEBUG_INFO = INCLUDE_SOURCE;
				MTL_FAST_MATH = YES;
				ONLY_ACTIVE_ARCH = YES;
				SWIFT_ACTIVE_COMPILATION_CONDITIONS = DEBUG;
				SWIFT_OPTIMIZATION_LEVEL = "-Onone";
			};
			name = Debug;
		};
		CEE699692A3B756A003AEA9B /* Release */ = {
			isa = XCBuildConfiguration;
			buildSettings = {
				ALWAYS_SEARCH_USER_PATHS = NO;
				CLANG_ANALYZER_NONNULL = YES;
				CLANG_ANALYZER_NUMBER_OBJECT_CONVERSION = YES_AGGRESSIVE;
				CLANG_CXX_LANGUAGE_STANDARD = "gnu++20";
				CLANG_ENABLE_MODULES = YES;
				CLANG_ENABLE_OBJC_ARC = YES;
				CLANG_ENABLE_OBJC_WEAK = YES;
				CLANG_WARN_BLOCK_CAPTURE_AUTORELEASING = YES;
				CLANG_WARN_BOOL_CONVERSION = YES;
				CLANG_WARN_COMMA = YES;
				CLANG_WARN_CONSTANT_CONVERSION = YES;
				CLANG_WARN_DEPRECATED_OBJC_IMPLEMENTATIONS = YES;
				CLANG_WARN_DIRECT_OBJC_ISA_USAGE = YES_ERROR;
				CLANG_WARN_DOCUMENTATION_COMMENTS = YES;
				CLANG_WARN_EMPTY_BODY = YES;
				CLANG_WARN_ENUM_CONVERSION = YES;
				CLANG_WARN_INFINITE_RECURSION = YES;
				CLANG_WARN_INT_CONVERSION = YES;
				CLANG_WARN_NON_LITERAL_NULL_CONVERSION = YES;
				CLANG_WARN_OBJC_IMPLICIT_RETAIN_SELF = YES;
				CLANG_WARN_OBJC_LITERAL_CONVERSION = YES;
				CLANG_WARN_OBJC_ROOT_CLASS = YES_ERROR;
				CLANG_WARN_QUOTED_INCLUDE_IN_FRAMEWORK_HEADER = YES;
				CLANG_WARN_RANGE_LOOP_ANALYSIS = YES;
				CLANG_WARN_STRICT_PROTOTYPES = YES;
				CLANG_WARN_SUSPICIOUS_MOVE = YES;
				CLANG_WARN_UNGUARDED_AVAILABILITY = YES_AGGRESSIVE;
				CLANG_WARN_UNREACHABLE_CODE = YES;
				CLANG_WARN__DUPLICATE_METHOD_MATCH = YES;
				COPY_PHASE_STRIP = NO;
				DEBUG_INFORMATION_FORMAT = "dwarf-with-dsym";
				ENABLE_NS_ASSERTIONS = NO;
				ENABLE_STRICT_OBJC_MSGSEND = YES;
				GCC_C_LANGUAGE_STANDARD = gnu11;
				GCC_NO_COMMON_BLOCKS = YES;
				GCC_WARN_64_TO_32_BIT_CONVERSION = YES;
				GCC_WARN_ABOUT_RETURN_TYPE = YES_ERROR;
				GCC_WARN_UNDECLARED_SELECTOR = YES;
				GCC_WARN_UNINITIALIZED_AUTOS = YES_AGGRESSIVE;
				GCC_WARN_UNUSED_FUNCTION = YES;
				GCC_WARN_UNUSED_VARIABLE = YES;
				MTL_ENABLE_DEBUG_INFO = NO;
				MTL_FAST_MATH = YES;
				SWIFT_COMPILATION_MODE = wholemodule;
				SWIFT_OPTIMIZATION_LEVEL = "-O";
			};
			name = Release;
		};
		CEE6996B2A3B756A003AEA9B /* Debug */ = {
			isa = XCBuildConfiguration;
			buildSettings = {
				ASSETCATALOG_COMPILER_APPICON_NAME = AppIcon;
				ASSETCATALOG_COMPILER_GLOBAL_ACCENT_COLOR_NAME = AccentColor;
				CODE_SIGN_ENTITLEMENTS = "native-hw-1/native_hw_1.entitlements";
				CODE_SIGN_STYLE = Automatic;
				CURRENT_PROJECT_VERSION = 1;
				DEVELOPMENT_ASSET_PATHS = "\"native-hw-1/Preview Content\"";
				ENABLE_PREVIEWS = YES;
				GENERATE_INFOPLIST_FILE = YES;
				INFOPLIST_FILE = "native-hw-1/Info.plist";
				"INFOPLIST_KEY_UIApplicationSceneManifest_Generation[sdk=iphoneos*]" = YES;
				"INFOPLIST_KEY_UIApplicationSceneManifest_Generation[sdk=iphonesimulator*]" = YES;
				"INFOPLIST_KEY_UIApplicationSupportsIndirectInputEvents[sdk=iphoneos*]" = YES;
				"INFOPLIST_KEY_UIApplicationSupportsIndirectInputEvents[sdk=iphonesimulator*]" = YES;
				"INFOPLIST_KEY_UILaunchScreen_Generation[sdk=iphoneos*]" = YES;
				"INFOPLIST_KEY_UILaunchScreen_Generation[sdk=iphonesimulator*]" = YES;
				"INFOPLIST_KEY_UIStatusBarStyle[sdk=iphoneos*]" = UIStatusBarStyleDefault;
				"INFOPLIST_KEY_UIStatusBarStyle[sdk=iphonesimulator*]" = UIStatusBarStyleDefault;
				INFOPLIST_KEY_UISupportedInterfaceOrientations_iPad = "UIInterfaceOrientationPortrait UIInterfaceOrientationPortraitUpsideDown UIInterfaceOrientationLandscapeLeft UIInterfaceOrientationLandscapeRight";
				INFOPLIST_KEY_UISupportedInterfaceOrientations_iPhone = "UIInterfaceOrientationPortrait UIInterfaceOrientationLandscapeLeft UIInterfaceOrientationLandscapeRight";
				"INFOPLIST_KEY_UISupportsDocumentBrowser[sdk=iphoneos*]" = YES;
				"INFOPLIST_KEY_UISupportsDocumentBrowser[sdk=iphonesimulator*]" = YES;
				IPHONEOS_DEPLOYMENT_TARGET = 16.0;
				LD_RUNPATH_SEARCH_PATHS = "@executable_path/Frameworks";
				"LD_RUNPATH_SEARCH_PATHS[sdk=macosx*]" = "@executable_path/../Frameworks";
				MACOSX_DEPLOYMENT_TARGET = 12.3;
				MARKETING_VERSION = 1.0;
				PRODUCT_BUNDLE_IDENTIFIER = "DmytroVyhovskyi1997.native-hw-1";
				PRODUCT_NAME = "$(TARGET_NAME)";
				SDKROOT = auto;
				SUPPORTED_PLATFORMS = "iphoneos iphonesimulator macosx";
				SWIFT_EMIT_LOC_STRINGS = YES;
				SWIFT_VERSION = 5.0;
				TARGETED_DEVICE_FAMILY = "1,2";
			};
			name = Debug;
		};
		CEE6996C2A3B756A003AEA9B /* Release */ = {
			isa = XCBuildConfiguration;
			buildSettings = {
				ASSETCATALOG_COMPILER_APPICON_NAME = AppIcon;
				ASSETCATALOG_COMPILER_GLOBAL_ACCENT_COLOR_NAME = AccentColor;
				CODE_SIGN_ENTITLEMENTS = "native-hw-1/native_hw_1.entitlements";
				CODE_SIGN_STYLE = Automatic;
				CURRENT_PROJECT_VERSION = 1;
				DEVELOPMENT_ASSET_PATHS = "\"native-hw-1/Preview Content\"";
				ENABLE_PREVIEWS = YES;
				GENERATE_INFOPLIST_FILE = YES;
				INFOPLIST_FILE = "native-hw-1/Info.plist";
				"INFOPLIST_KEY_UIApplicationSceneManifest_Generation[sdk=iphoneos*]" = YES;
				"INFOPLIST_KEY_UIApplicationSceneManifest_Generation[sdk=iphonesimulator*]" = YES;
				"INFOPLIST_KEY_UIApplicationSupportsIndirectInputEvents[sdk=iphoneos*]" = YES;
				"INFOPLIST_KEY_UIApplicationSupportsIndirectInputEvents[sdk=iphonesimulator*]" = YES;
				"INFOPLIST_KEY_UILaunchScreen_Generation[sdk=iphoneos*]" = YES;
				"INFOPLIST_KEY_UILaunchScreen_Generation[sdk=iphonesimulator*]" = YES;
				"INFOPLIST_KEY_UIStatusBarStyle[sdk=iphoneos*]" = UIStatusBarStyleDefault;
				"INFOPLIST_KEY_UIStatusBarStyle[sdk=iphonesimulator*]" = UIStatusBarStyleDefault;
				INFOPLIST_KEY_UISupportedInterfaceOrientations_iPad = "UIInterfaceOrientationPortrait UIInterfaceOrientationPortraitUpsideDown UIInterfaceOrientationLandscapeLeft UIInterfaceOrientationLandscapeRight";
				INFOPLIST_KEY_UISupportedInterfaceOrientations_iPhone = "UIInterfaceOrientationPortrait UIInterfaceOrientationLandscapeLeft UIInterfaceOrientationLandscapeRight";
				"INFOPLIST_KEY_UISupportsDocumentBrowser[sdk=iphoneos*]" = YES;
				"INFOPLIST_KEY_UISupportsDocumentBrowser[sdk=iphonesimulator*]" = YES;
				IPHONEOS_DEPLOYMENT_TARGET = 16.0;
				LD_RUNPATH_SEARCH_PATHS = "@executable_path/Frameworks";
				"LD_RUNPATH_SEARCH_PATHS[sdk=macosx*]" = "@executable_path/../Frameworks";
				MACOSX_DEPLOYMENT_TARGET = 12.3;
				MARKETING_VERSION = 1.0;
				PRODUCT_BUNDLE_IDENTIFIER = "DmytroVyhovskyi1997.native-hw-1";
				PRODUCT_NAME = "$(TARGET_NAME)";
				SDKROOT = auto;
				SUPPORTED_PLATFORMS = "iphoneos iphonesimulator macosx";
				SWIFT_EMIT_LOC_STRINGS = YES;
				SWIFT_VERSION = 5.0;
				TARGETED_DEVICE_FAMILY = "1,2";
			};
			name = Release;
		};
		CEE6996E2A3B756A003AEA9B /* Debug */ = {
			isa = XCBuildConfiguration;
			buildSettings = {
				ALWAYS_EMBED_SWIFT_STANDARD_LIBRARIES = YES;
				BUNDLE_LOADER = "$(TEST_HOST)";
				CODE_SIGN_STYLE = Automatic;
				CURRENT_PROJECT_VERSION = 1;
				GENERATE_INFOPLIST_FILE = YES;
				IPHONEOS_DEPLOYMENT_TARGET = 16.0;
				MACOSX_DEPLOYMENT_TARGET = 12.3;
				MARKETING_VERSION = 1.0;
				PRODUCT_BUNDLE_IDENTIFIER = "DmytroVyhovskyi1997.native-hw-1Tests";
				PRODUCT_NAME = "$(TARGET_NAME)";
				SDKROOT = auto;
				SUPPORTED_PLATFORMS = "iphoneos iphonesimulator macosx";
				SWIFT_EMIT_LOC_STRINGS = NO;
				SWIFT_VERSION = 5.0;
				TARGETED_DEVICE_FAMILY = "1,2";
				TEST_HOST = "$(BUILT_PRODUCTS_DIR)/native-hw-1.app/$(BUNDLE_EXECUTABLE_FOLDER_PATH)/native-hw-1";
			};
			name = Debug;
		};
		CEE6996F2A3B756A003AEA9B /* Release */ = {
			isa = XCBuildConfiguration;
			buildSettings = {
				ALWAYS_EMBED_SWIFT_STANDARD_LIBRARIES = YES;
				BUNDLE_LOADER = "$(TEST_HOST)";
				CODE_SIGN_STYLE = Automatic;
				CURRENT_PROJECT_VERSION = 1;
				GENERATE_INFOPLIST_FILE = YES;
				IPHONEOS_DEPLOYMENT_TARGET = 16.0;
				MACOSX_DEPLOYMENT_TARGET = 12.3;
				MARKETING_VERSION = 1.0;
				PRODUCT_BUNDLE_IDENTIFIER = "DmytroVyhovskyi1997.native-hw-1Tests";
				PRODUCT_NAME = "$(TARGET_NAME)";
				SDKROOT = auto;
				SUPPORTED_PLATFORMS = "iphoneos iphonesimulator macosx";
				SWIFT_EMIT_LOC_STRINGS = NO;
				SWIFT_VERSION = 5.0;
				TARGETED_DEVICE_FAMILY = "1,2";
				TEST_HOST = "$(BUILT_PRODUCTS_DIR)/native-hw-1.app/$(BUNDLE_EXECUTABLE_FOLDER_PATH)/native-hw-1";
			};
			name = Release;
		};
		CEE699712A3B756A003AEA9B /* Debug */ = {
			isa = XCBuildConfiguration;
			buildSettings = {
				ALWAYS_EMBED_SWIFT_STANDARD_LIBRARIES = YES;
				CODE_SIGN_STYLE = Automatic;
				CURRENT_PROJECT_VERSION = 1;
				GENERATE_INFOPLIST_FILE = YES;
				IPHONEOS_DEPLOYMENT_TARGET = 16.0;
				MACOSX_DEPLOYMENT_TARGET = 12.3;
				MARKETING_VERSION = 1.0;
				PRODUCT_BUNDLE_IDENTIFIER = "DmytroVyhovskyi1997.native-hw-1UITests";
				PRODUCT_NAME = "$(TARGET_NAME)";
				SDKROOT = auto;
				SUPPORTED_PLATFORMS = "iphoneos iphonesimulator macosx";
				SWIFT_EMIT_LOC_STRINGS = NO;
				SWIFT_VERSION = 5.0;
				TARGETED_DEVICE_FAMILY = "1,2";
				TEST_TARGET_NAME = "native-hw-1";
			};
			name = Debug;
		};
		CEE699722A3B756A003AEA9B /* Release */ = {
			isa = XCBuildConfiguration;
			buildSettings = {
				ALWAYS_EMBED_SWIFT_STANDARD_LIBRARIES = YES;
				CODE_SIGN_STYLE = Automatic;
				CURRENT_PROJECT_VERSION = 1;
				GENERATE_INFOPLIST_FILE = YES;
				IPHONEOS_DEPLOYMENT_TARGET = 16.0;
				MACOSX_DEPLOYMENT_TARGET = 12.3;
				MARKETING_VERSION = 1.0;
				PRODUCT_BUNDLE_IDENTIFIER = "DmytroVyhovskyi1997.native-hw-1UITests";
				PRODUCT_NAME = "$(TARGET_NAME)";
				SDKROOT = auto;
				SUPPORTED_PLATFORMS = "iphoneos iphonesimulator macosx";
				SWIFT_EMIT_LOC_STRINGS = NO;
				SWIFT_VERSION = 5.0;
				TARGETED_DEVICE_FAMILY = "1,2";
				TEST_TARGET_NAME = "native-hw-1";
			};
			name = Release;
		};
/* End XCBuildConfiguration section */

/* Begin XCConfigurationList section */
		CEE6993D2A3B7562003AEA9B /* Build configuration list for PBXProject "native-hw-1" */ = {
			isa = XCConfigurationList;
			buildConfigurations = (
				CEE699682A3B756A003AEA9B /* Debug */,
				CEE699692A3B756A003AEA9B /* Release */,
			);
			defaultConfigurationIsVisible = 0;
			defaultConfigurationName = Release;
		};
		CEE6996A2A3B756A003AEA9B /* Build configuration list for PBXNativeTarget "native-hw-1" */ = {
			isa = XCConfigurationList;
			buildConfigurations = (
				CEE6996B2A3B756A003AEA9B /* Debug */,
				CEE6996C2A3B756A003AEA9B /* Release */,
			);
			defaultConfigurationIsVisible = 0;
			defaultConfigurationName = Release;
		};
		CEE6996D2A3B756A003AEA9B /* Build configuration list for PBXNativeTarget "native-hw-1Tests" */ = {
			isa = XCConfigurationList;
			buildConfigurations = (
				CEE6996E2A3B756A003AEA9B /* Debug */,
				CEE6996F2A3B756A003AEA9B /* Release */,
			);
			defaultConfigurationIsVisible = 0;
			defaultConfigurationName = Release;
		};
		CEE699702A3B756A003AEA9B /* Build configuration list for PBXNativeTarget "native-hw-1UITests" */ = {
			isa = XCConfigurationList;
			buildConfigurations = (
				CEE699712A3B756A003AEA9B /* Debug */,
				CEE699722A3B756A003AEA9B /* Release */,
			);
			defaultConfigurationIsVisible = 0;
			defaultConfigurationName = Release;
		};
/* End XCConfigurationList section */
	};
	rootObject = CEE6993A2A3B7562003AEA9B /* Project object */;
}
